
Microsoft Visual Studio Solution File, Format Version 12.00
# Visual Studio Version 17
VisualStudioVersion = 17.0.31903.59
MinimumVisualStudioVersion = 10.0.40219.1
Project("{FAE04EC0-301F-11D3-BF4B-00C04F79EFBC}") = "console", "console\console.csproj", "{107025C7-DE9B-49C9-8E45-B54EDE8C24A2}"
EndProject
Project("{FAE04EC0-301F-11D3-BF4B-00C04F79EFBC}") = "test", "test\test.csproj", "{F9D1FC2F-8C8D-4ACA-BB75-1B9FDC1EABE6}"
EndProject
Global
	GlobalSection(SolutionConfigurationPlatforms) = preSolution
		Debug|Any CPU = Debug|Any CPU
		Release|Any CPU = Release|Any CPU
	EndGlobalSection
	GlobalSection(SolutionProperties) = preSolution
		HideSolutionNode = FALSE
	EndGlobalSection
	GlobalSection(ProjectConfigurationPlatforms) = postSolution
		{107025C7-DE9B-49C9-8E45-B54EDE8C24A2}.Debug|Any CPU.ActiveCfg = Debug|Any CPU
		{107025C7-DE9B-49C9-8E45-B54EDE8C24A2}.Debug|Any CPU.Build.0 = Debug|Any CPU
		{107025C7-DE9B-49C9-8E45-B54EDE8C24A2}.Release|Any CPU.ActiveCfg = Release|Any CPU
		{107025C7-DE9B-49C9-8E45-B54EDE8C24A2}.Release|Any CPU.Build.0 = Release|Any CPU
		{F9D1FC2F-8C8D-4ACA-BB75-1B9FDC1EABE6}.Debug|Any CPU.ActiveCfg = Debug|Any CPU
		{F9D1FC2F-8C8D-4ACA-BB75-1B9FDC1EABE6}.Debug|Any CPU.Build.0 = Debug|Any CPU
		{F9D1FC2F-8C8D-4ACA-BB75-1B9FDC1EABE6}.Release|Any CPU.ActiveCfg = Release|Any CPU
		{F9D1FC2F-8C8D-4ACA-BB75-1B9FDC1EABE6}.Release|Any CPU.Build.0 = Release|Any CPU
	EndGlobalSection
EndGlobal
